
Microsoft Visual Studio Solution File, Format Version 12.00
# Visual Studio Version 17
VisualStudioVersion = 17.5.33516.290
MinimumVisualStudioVersion = 10.0.40219.1
Project("{FAE04EC0-301F-11D3-BF4B-00C04F79EFBC}") = "KurbatovKvalConsole", "..\KurbatovKvalConsole\KurbatovKvalConsole.csproj", "{2E853653-A108-4C1B-9068-FBCFC2AD43CF}"
EndProject
Project("{FAE04EC0-301F-11D3-BF4B-00C04F79EFBC}") = "ClassLibKurbatov", "..\ClassLibKurbatov\ClassLibKurbatov.csproj", "{BDDF5732-89EE-4A99-A82F-D5548F8927CD}"
EndProject
Global
	GlobalSection(SolutionConfigurationPlatforms) = preSolution
		Debug|Any CPU = Debug|Any CPU
		Release|Any CPU = Release|Any CPU
	EndGlobalSection
	GlobalSection(ProjectConfigurationPlatforms) = postSolution
		{2E853653-A108-4C1B-9068-FBCFC2AD43CF}.Debug|Any CPU.ActiveCfg = Debug|Any CPU
		{2E853653-A108-4C1B-9068-FBCFC2AD43CF}.Debug|Any CPU.Build.0 = Debug|Any CPU
		{2E853653-A108-4C1B-9068-FBCFC2AD43CF}.Release|Any CPU.ActiveCfg = Release|Any CPU
		{2E853653-A108-4C1B-9068-FBCFC2AD43CF}.Release|Any CPU.Build.0 = Release|Any CPU
		{BDDF5732-89EE-4A99-A82F-D5548F8927CD}.Debug|Any CPU.ActiveCfg = Debug|Any CPU
		{BDDF5732-89EE-4A99-A82F-D5548F8927CD}.Debug|Any CPU.Build.0 = Debug|Any CPU
		{BDDF5732-89EE-4A99-A82F-D5548F8927CD}.Release|Any CPU.ActiveCfg = Release|Any CPU
		{BDDF5732-89EE-4A99-A82F-D5548F8927CD}.Release|Any CPU.Build.0 = Release|Any CPU
	EndGlobalSection
	GlobalSection(SolutionProperties) = preSolution
		HideSolutionNode = FALSE
	EndGlobalSection
	GlobalSection(ExtensibilityGlobals) = postSolution
		SolutionGuid = {84551EA7-32D0-44BF-9167-83BE0537BB51}
	EndGlobalSection
EndGlobal
